
Microsoft Visual Studio Solution File, Format Version 12.00
# Visual Studio Version 17
VisualStudioVersion = 17.3.32825.248
MinimumVisualStudioVersion = 10.0.40219.1
Project("{8BC9CEB8-8B4A-11D0-8D11-00A0C91BC942}") = "Example1", "Exercise1\Exercise1.vcxproj", "{20F30A17-5FE0-40CB-A119-FE21933AF616}"
EndProject
Project("{8BC9CEB8-8B4A-11D0-8D11-00A0C91BC942}") = "Task1", "Task1\Task1.vcxproj", "{BDA291B2-9435-4244-B00E-CDB7A38E7ADE}"
EndProject
Global
	GlobalSection(SolutionConfigurationPlatforms) = preSolution
		Debug|x64 = Debug|x64
		Debug|x86 = Debug|x86
		Release|x64 = Release|x64
		Release|x86 = Release|x86
	EndGlobalSection
	GlobalSection(ProjectConfigurationPlatforms) = postSolution
		{20F30A17-5FE0-40CB-A119-FE21933AF616}.Debug|x64.ActiveCfg = Debug|x64
		{20F30A17-5FE0-40CB-A119-FE21933AF616}.Debug|x64.Build.0 = Debug|x64
		{20F30A17-5FE0-40CB-A119-FE21933AF616}.Debug|x86.ActiveCfg = Debug|Win32
		{20F30A17-5FE0-40CB-A119-FE21933AF616}.Debug|x86.Build.0 = Debug|Win32
		{20F30A17-5FE0-40CB-A119-FE21933AF616}.Release|x64.ActiveCfg = Release|x64
		{20F30A17-5FE0-40CB-A119-FE21933AF616}.Release|x64.Build.0 = Release|x64
		{20F30A17-5FE0-40CB-A119-FE21933AF616}.Release|x86.ActiveCfg = Release|Win32
		{20F30A17-5FE0-40CB-A119-FE21933AF616}.Release|x86.Build.0 = Release|Win32
		{BDA291B2-9435-4244-B00E-CDB7A38E7ADE}.Debug|x64.ActiveCfg = Debug|x64
		{BDA291B2-9435-4244-B00E-CDB7A38E7ADE}.Debug|x64.Build.0 = Debug|x64
		{BDA291B2-9435-4244-B00E-CDB7A38E7ADE}.Debug|x86.ActiveCfg = Debug|Win32
		{BDA291B2-9435-4244-B00E-CDB7A38E7ADE}.Debug|x86.Build.0 = Debug|Win32
		{BDA291B2-9435-4244-B00E-CDB7A38E7ADE}.Release|x64.ActiveCfg = Release|x64
		{BDA291B2-9435-4244-B00E-CDB7A38E7ADE}.Release|x64.Build.0 = Release|x64
		{BDA291B2-9435-4244-B00E-CDB7A38E7ADE}.Release|x86.ActiveCfg = Release|Win32
		{BDA291B2-9435-4244-B00E-CDB7A38E7ADE}.Release|x86.Build.0 = Release|Win32
	EndGlobalSection
	GlobalSection(SolutionProperties) = preSolution
		HideSolutionNode = FALSE
	EndGlobalSection
	GlobalSection(ExtensibilityGlobals) = postSolution
		SolutionGuid = {0CC26E82-94F0-49BB-82B2-A9F16155DE3D}
	EndGlobalSection
EndGlobal
