
Microsoft Visual Studio Solution File, Format Version 12.00
# Visual Studio Version 17
VisualStudioVersion = 17.6.33815.320
MinimumVisualStudioVersion = 10.0.40219.1
Project("{8BC9CEB8-8B4A-11D0-8D11-00A0C91BC942}") = "Task1", "Task1\Task1.vcxproj", "{4B291B65-6B56-43ED-8163-8BF4848AE9D7}"
EndProject
Project("{8BC9CEB8-8B4A-11D0-8D11-00A0C91BC942}") = "Task5", "Task5\Task5.vcxproj", "{364B7347-0DB5-4BD1-BD9C-959DD66A62E6}"
EndProject
Project("{8BC9CEB8-8B4A-11D0-8D11-00A0C91BC942}") = "Task6-7", "task6\task6.vcxproj", "{FC24AE1B-B1B8-4999-BEFA-4B42E21B1C40}"
EndProject
Global
	GlobalSection(SolutionConfigurationPlatforms) = preSolution
		Debug|x64 = Debug|x64
		Debug|x86 = Debug|x86
		Release|x64 = Release|x64
		Release|x86 = Release|x86
	EndGlobalSection
	GlobalSection(ProjectConfigurationPlatforms) = postSolution
		{4B291B65-6B56-43ED-8163-8BF4848AE9D7}.Debug|x64.ActiveCfg = Debug|x64
		{4B291B65-6B56-43ED-8163-8BF4848AE9D7}.Debug|x64.Build.0 = Debug|x64
		{4B291B65-6B56-43ED-8163-8BF4848AE9D7}.Debug|x86.ActiveCfg = Debug|Win32
		{4B291B65-6B56-43ED-8163-8BF4848AE9D7}.Debug|x86.Build.0 = Debug|Win32
		{4B291B65-6B56-43ED-8163-8BF4848AE9D7}.Release|x64.ActiveCfg = Release|x64
		{4B291B65-6B56-43ED-8163-8BF4848AE9D7}.Release|x64.Build.0 = Release|x64
		{4B291B65-6B56-43ED-8163-8BF4848AE9D7}.Release|x86.ActiveCfg = Release|Win32
		{4B291B65-6B56-43ED-8163-8BF4848AE9D7}.Release|x86.Build.0 = Release|Win32
		{364B7347-0DB5-4BD1-BD9C-959DD66A62E6}.Debug|x64.ActiveCfg = Debug|x64
		{364B7347-0DB5-4BD1-BD9C-959DD66A62E6}.Debug|x64.Build.0 = Debug|x64
		{364B7347-0DB5-4BD1-BD9C-959DD66A62E6}.Debug|x86.ActiveCfg = Debug|Win32
		{364B7347-0DB5-4BD1-BD9C-959DD66A62E6}.Debug|x86.Build.0 = Debug|Win32
		{364B7347-0DB5-4BD1-BD9C-959DD66A62E6}.Release|x64.ActiveCfg = Release|x64
		{364B7347-0DB5-4BD1-BD9C-959DD66A62E6}.Release|x64.Build.0 = Release|x64
		{364B7347-0DB5-4BD1-BD9C-959DD66A62E6}.Release|x86.ActiveCfg = Release|Win32
		{364B7347-0DB5-4BD1-BD9C-959DD66A62E6}.Release|x86.Build.0 = Release|Win32
		{FC24AE1B-B1B8-4999-BEFA-4B42E21B1C40}.Debug|x64.ActiveCfg = Debug|x64
		{FC24AE1B-B1B8-4999-BEFA-4B42E21B1C40}.Debug|x64.Build.0 = Debug|x64
		{FC24AE1B-B1B8-4999-BEFA-4B42E21B1C40}.Debug|x86.ActiveCfg = Debug|Win32
		{FC24AE1B-B1B8-4999-BEFA-4B42E21B1C40}.Debug|x86.Build.0 = Debug|Win32
		{FC24AE1B-B1B8-4999-BEFA-4B42E21B1C40}.Release|x64.ActiveCfg = Release|x64
		{FC24AE1B-B1B8-4999-BEFA-4B42E21B1C40}.Release|x64.Build.0 = Release|x64
		{FC24AE1B-B1B8-4999-BEFA-4B42E21B1C40}.Release|x86.ActiveCfg = Release|Win32
		{FC24AE1B-B1B8-4999-BEFA-4B42E21B1C40}.Release|x86.Build.0 = Release|Win32
	EndGlobalSection
	GlobalSection(SolutionProperties) = preSolution
		HideSolutionNode = FALSE
	EndGlobalSection
	GlobalSection(ExtensibilityGlobals) = postSolution
		SolutionGuid = {5753920E-532E-497E-A33B-FC246A674086}
	EndGlobalSection
EndGlobal
