
Microsoft Visual Studio Solution File, Format Version 12.00
# Visual Studio Version 17
VisualStudioVersion = 17.6.33801.468
MinimumVisualStudioVersion = 10.0.40219.1
Project("{8BC9CEB8-8B4A-11D0-8D11-00A0C91BC942}") = "Ishod3_z32", "Ishod3_z32\Ishod3_z32.vcxproj", "{3435D8EA-1A98-4AB5-9995-D69ACBA249E9}"
EndProject
Project("{8BC9CEB8-8B4A-11D0-8D11-00A0C91BC942}") = "Ishod3_z33", "Ishod3_z33\Ishod3_z33.vcxproj", "{47D0C007-6528-4EED-BCF4-C048BF492260}"
EndProject
Project("{8BC9CEB8-8B4A-11D0-8D11-00A0C91BC942}") = "Ishod4_z41", "Ishod4_z41\Ishod4_z41.vcxproj", "{63FE5216-6710-433A-894B-75D6FC1754AD}"
EndProject
Project("{8BC9CEB8-8B4A-11D0-8D11-00A0C91BC942}") = "Ishod4_z42", "Ishod4_z42\Ishod4_z42.vcxproj", "{4AA5EC2A-E231-40C8-AA3A-5119E0A960BC}"
EndProject
Project("{8BC9CEB8-8B4A-11D0-8D11-00A0C91BC942}") = "Ishod5_z51", "Ishod5_z51\Ishod5_z51.vcxproj", "{E1C13673-A0E0-44F1-9838-B31F93474A2A}"
EndProject
Project("{8BC9CEB8-8B4A-11D0-8D11-00A0C91BC942}") = "Ishod5_z52", "Ishod5_z52\Ishod5_z52.vcxproj", "{58E1D601-356E-46B6-9D17-CA27EFAD302D}"
EndProject
Project("{8BC9CEB8-8B4A-11D0-8D11-00A0C91BC942}") = "Ishod5_z53", "Ishod5_z53\Ishod5_z53.vcxproj", "{63CEE0CE-B28F-44EC-8F6C-5216977FADCB}"
EndProject
Project("{8BC9CEB8-8B4A-11D0-8D11-00A0C91BC942}") = "Ishod6_z61", "Ishod6_z61\Ishod6_z61.vcxproj", "{EA4A93B8-B5F2-46EB-AFCE-B8E2D00AC27E}"
EndProject
Project("{8BC9CEB8-8B4A-11D0-8D11-00A0C91BC942}") = "ishod6_z62", "ishod6_z62\ishod6_z62.vcxproj", "{A65C32AB-9D95-4010-8DF5-6995378FDC2D}"
EndProject
Project("{8BC9CEB8-8B4A-11D0-8D11-00A0C91BC942}") = "Ishod2_z21", "Ishod2_z21\Ishod2_z21.vcxproj", "{755C7457-BDC0-49C8-A346-4336BC3EA30E}"
EndProject
Project("{8BC9CEB8-8B4A-11D0-8D11-00A0C91BC942}") = "Ishod2_z22", "Ishod2_z22\Ishod2_z22.vcxproj", "{D7B70157-0207-4BED-A11E-9BF2CF1AC5AD}"
EndProject
Project("{8BC9CEB8-8B4A-11D0-8D11-00A0C91BC942}") = "Ishod2_z23", "Ishod2_z23\Ishod2_z23.vcxproj", "{ECBD9960-85A5-42A8-9D6C-D918B9363BDC}"
EndProject
Global
	GlobalSection(SolutionConfigurationPlatforms) = preSolution
		Debug|x64 = Debug|x64
		Debug|x86 = Debug|x86
		Release|x64 = Release|x64
		Release|x86 = Release|x86
	EndGlobalSection
	GlobalSection(ProjectConfigurationPlatforms) = postSolution
		{3435D8EA-1A98-4AB5-9995-D69ACBA249E9}.Debug|x64.ActiveCfg = Debug|x64
		{3435D8EA-1A98-4AB5-9995-D69ACBA249E9}.Debug|x64.Build.0 = Debug|x64
		{3435D8EA-1A98-4AB5-9995-D69ACBA249E9}.Debug|x86.ActiveCfg = Debug|Win32
		{3435D8EA-1A98-4AB5-9995-D69ACBA249E9}.Debug|x86.Build.0 = Debug|Win32
		{3435D8EA-1A98-4AB5-9995-D69ACBA249E9}.Release|x64.ActiveCfg = Release|x64
		{3435D8EA-1A98-4AB5-9995-D69ACBA249E9}.Release|x64.Build.0 = Release|x64
		{3435D8EA-1A98-4AB5-9995-D69ACBA249E9}.Release|x86.ActiveCfg = Release|Win32
		{3435D8EA-1A98-4AB5-9995-D69ACBA249E9}.Release|x86.Build.0 = Release|Win32
		{47D0C007-6528-4EED-BCF4-C048BF492260}.Debug|x64.ActiveCfg = Debug|x64
		{47D0C007-6528-4EED-BCF4-C048BF492260}.Debug|x64.Build.0 = Debug|x64
		{47D0C007-6528-4EED-BCF4-C048BF492260}.Debug|x86.ActiveCfg = Debug|Win32
		{47D0C007-6528-4EED-BCF4-C048BF492260}.Debug|x86.Build.0 = Debug|Win32
		{47D0C007-6528-4EED-BCF4-C048BF492260}.Release|x64.ActiveCfg = Release|x64
		{47D0C007-6528-4EED-BCF4-C048BF492260}.Release|x64.Build.0 = Release|x64
		{47D0C007-6528-4EED-BCF4-C048BF492260}.Release|x86.ActiveCfg = Release|Win32
		{47D0C007-6528-4EED-BCF4-C048BF492260}.Release|x86.Build.0 = Release|Win32
		{63FE5216-6710-433A-894B-75D6FC1754AD}.Debug|x64.ActiveCfg = Debug|x64
		{63FE5216-6710-433A-894B-75D6FC1754AD}.Debug|x64.Build.0 = Debug|x64
		{63FE5216-6710-433A-894B-75D6FC1754AD}.Debug|x86.ActiveCfg = Debug|Win32
		{63FE5216-6710-433A-894B-75D6FC1754AD}.Debug|x86.Build.0 = Debug|Win32
		{63FE5216-6710-433A-894B-75D6FC1754AD}.Release|x64.ActiveCfg = Release|x64
		{63FE5216-6710-433A-894B-75D6FC1754AD}.Release|x64.Build.0 = Release|x64
		{63FE5216-6710-433A-894B-75D6FC1754AD}.Release|x86.ActiveCfg = Release|Win32
		{63FE5216-6710-433A-894B-75D6FC1754AD}.Release|x86.Build.0 = Release|Win32
		{4AA5EC2A-E231-40C8-AA3A-5119E0A960BC}.Debug|x64.ActiveCfg = Debug|x64
		{4AA5EC2A-E231-40C8-AA3A-5119E0A960BC}.Debug|x64.Build.0 = Debug|x64
		{4AA5EC2A-E231-40C8-AA3A-5119E0A960BC}.Debug|x86.ActiveCfg = Debug|Win32
		{4AA5EC2A-E231-40C8-AA3A-5119E0A960BC}.Debug|x86.Build.0 = Debug|Win32
		{4AA5EC2A-E231-40C8-AA3A-5119E0A960BC}.Release|x64.ActiveCfg = Release|x64
		{4AA5EC2A-E231-40C8-AA3A-5119E0A960BC}.Release|x64.Build.0 = Release|x64
		{4AA5EC2A-E231-40C8-AA3A-5119E0A960BC}.Release|x86.ActiveCfg = Release|Win32
		{4AA5EC2A-E231-40C8-AA3A-5119E0A960BC}.Release|x86.Build.0 = Release|Win32
		{E1C13673-A0E0-44F1-9838-B31F93474A2A}.Debug|x64.ActiveCfg = Debug|x64
		{E1C13673-A0E0-44F1-9838-B31F93474A2A}.Debug|x64.Build.0 = Debug|x64
		{E1C13673-A0E0-44F1-9838-B31F93474A2A}.Debug|x86.ActiveCfg = Debug|Win32
		{E1C13673-A0E0-44F1-9838-B31F93474A2A}.Debug|x86.Build.0 = Debug|Win32
		{E1C13673-A0E0-44F1-9838-B31F93474A2A}.Release|x64.ActiveCfg = Release|x64
		{E1C13673-A0E0-44F1-9838-B31F93474A2A}.Release|x64.Build.0 = Release|x64
		{E1C13673-A0E0-44F1-9838-B31F93474A2A}.Release|x86.ActiveCfg = Release|Win32
		{E1C13673-A0E0-44F1-9838-B31F93474A2A}.Release|x86.Build.0 = Release|Win32
		{58E1D601-356E-46B6-9D17-CA27EFAD302D}.Debug|x64.ActiveCfg = Debug|x64
		{58E1D601-356E-46B6-9D17-CA27EFAD302D}.Debug|x64.Build.0 = Debug|x64
		{58E1D601-356E-46B6-9D17-CA27EFAD302D}.Debug|x86.ActiveCfg = Debug|Win32
		{58E1D601-356E-46B6-9D17-CA27EFAD302D}.Debug|x86.Build.0 = Debug|Win32
		{58E1D601-356E-46B6-9D17-CA27EFAD302D}.Release|x64.ActiveCfg = Release|x64
		{58E1D601-356E-46B6-9D17-CA27EFAD302D}.Release|x64.Build.0 = Release|x64
		{58E1D601-356E-46B6-9D17-CA27EFAD302D}.Release|x86.ActiveCfg = Release|Win32
		{58E1D601-356E-46B6-9D17-CA27EFAD302D}.Release|x86.Build.0 = Release|Win32
		{63CEE0CE-B28F-44EC-8F6C-5216977FADCB}.Debug|x64.ActiveCfg = Debug|x64
		{63CEE0CE-B28F-44EC-8F6C-5216977FADCB}.Debug|x64.Build.0 = Debug|x64
		{63CEE0CE-B28F-44EC-8F6C-5216977FADCB}.Debug|x86.ActiveCfg = Debug|Win32
		{63CEE0CE-B28F-44EC-8F6C-5216977FADCB}.Debug|x86.Build.0 = Debug|Win32
		{63CEE0CE-B28F-44EC-8F6C-5216977FADCB}.Release|x64.ActiveCfg = Release|x64
		{63CEE0CE-B28F-44EC-8F6C-5216977FADCB}.Release|x64.Build.0 = Release|x64
		{63CEE0CE-B28F-44EC-8F6C-5216977FADCB}.Release|x86.ActiveCfg = Release|Win32
		{63CEE0CE-B28F-44EC-8F6C-5216977FADCB}.Release|x86.Build.0 = Release|Win32
		{EA4A93B8-B5F2-46EB-AFCE-B8E2D00AC27E}.Debug|x64.ActiveCfg = Debug|x64
		{EA4A93B8-B5F2-46EB-AFCE-B8E2D00AC27E}.Debug|x64.Build.0 = Debug|x64
		{EA4A93B8-B5F2-46EB-AFCE-B8E2D00AC27E}.Debug|x86.ActiveCfg = Debug|Win32
		{EA4A93B8-B5F2-46EB-AFCE-B8E2D00AC27E}.Debug|x86.Build.0 = Debug|Win32
		{EA4A93B8-B5F2-46EB-AFCE-B8E2D00AC27E}.Release|x64.ActiveCfg = Release|x64
		{EA4A93B8-B5F2-46EB-AFCE-B8E2D00AC27E}.Release|x64.Build.0 = Release|x64
		{EA4A93B8-B5F2-46EB-AFCE-B8E2D00AC27E}.Release|x86.ActiveCfg = Release|Win32
		{EA4A93B8-B5F2-46EB-AFCE-B8E2D00AC27E}.Release|x86.Build.0 = Release|Win32
		{A65C32AB-9D95-4010-8DF5-6995378FDC2D}.Debug|x64.ActiveCfg = Debug|x64
		{A65C32AB-9D95-4010-8DF5-6995378FDC2D}.Debug|x64.Build.0 = Debug|x64
		{A65C32AB-9D95-4010-8DF5-6995378FDC2D}.Debug|x86.ActiveCfg = Debug|Win32
		{A65C32AB-9D95-4010-8DF5-6995378FDC2D}.Debug|x86.Build.0 = Debug|Win32
		{A65C32AB-9D95-4010-8DF5-6995378FDC2D}.Release|x64.ActiveCfg = Release|x64
		{A65C32AB-9D95-4010-8DF5-6995378FDC2D}.Release|x64.Build.0 = Release|x64
		{A65C32AB-9D95-4010-8DF5-6995378FDC2D}.Release|x86.ActiveCfg = Release|Win32
		{A65C32AB-9D95-4010-8DF5-6995378FDC2D}.Release|x86.Build.0 = Release|Win32
		{755C7457-BDC0-49C8-A346-4336BC3EA30E}.Debug|x64.ActiveCfg = Debug|x64
		{755C7457-BDC0-49C8-A346-4336BC3EA30E}.Debug|x64.Build.0 = Debug|x64
		{755C7457-BDC0-49C8-A346-4336BC3EA30E}.Debug|x86.ActiveCfg = Debug|Win32
		{755C7457-BDC0-49C8-A346-4336BC3EA30E}.Debug|x86.Build.0 = Debug|Win32
		{755C7457-BDC0-49C8-A346-4336BC3EA30E}.Release|x64.ActiveCfg = Release|x64
		{755C7457-BDC0-49C8-A346-4336BC3EA30E}.Release|x64.Build.0 = Release|x64
		{755C7457-BDC0-49C8-A346-4336BC3EA30E}.Release|x86.ActiveCfg = Release|Win32
		{755C7457-BDC0-49C8-A346-4336BC3EA30E}.Release|x86.Build.0 = Release|Win32
		{D7B70157-0207-4BED-A11E-9BF2CF1AC5AD}.Debug|x64.ActiveCfg = Debug|x64
		{D7B70157-0207-4BED-A11E-9BF2CF1AC5AD}.Debug|x64.Build.0 = Debug|x64
		{D7B70157-0207-4BED-A11E-9BF2CF1AC5AD}.Debug|x86.ActiveCfg = Debug|Win32
		{D7B70157-0207-4BED-A11E-9BF2CF1AC5AD}.Debug|x86.Build.0 = Debug|Win32
		{D7B70157-0207-4BED-A11E-9BF2CF1AC5AD}.Release|x64.ActiveCfg = Release|x64
		{D7B70157-0207-4BED-A11E-9BF2CF1AC5AD}.Release|x64.Build.0 = Release|x64
		{D7B70157-0207-4BED-A11E-9BF2CF1AC5AD}.Release|x86.ActiveCfg = Release|Win32
		{D7B70157-0207-4BED-A11E-9BF2CF1AC5AD}.Release|x86.Build.0 = Release|Win32
		{ECBD9960-85A5-42A8-9D6C-D918B9363BDC}.Debug|x64.ActiveCfg = Debug|x64
		{ECBD9960-85A5-42A8-9D6C-D918B9363BDC}.Debug|x64.Build.0 = Debug|x64
		{ECBD9960-85A5-42A8-9D6C-D918B9363BDC}.Debug|x86.ActiveCfg = Debug|Win32
		{ECBD9960-85A5-42A8-9D6C-D918B9363BDC}.Debug|x86.Build.0 = Debug|Win32
		{ECBD9960-85A5-42A8-9D6C-D918B9363BDC}.Release|x64.ActiveCfg = Release|x64
		{ECBD9960-85A5-42A8-9D6C-D918B9363BDC}.Release|x64.Build.0 = Release|x64
		{ECBD9960-85A5-42A8-9D6C-D918B9363BDC}.Release|x86.ActiveCfg = Release|Win32
		{ECBD9960-85A5-42A8-9D6C-D918B9363BDC}.Release|x86.Build.0 = Release|Win32
	EndGlobalSection
	GlobalSection(SolutionProperties) = preSolution
		HideSolutionNode = FALSE
	EndGlobalSection
	GlobalSection(ExtensibilityGlobals) = postSolution
		SolutionGuid = {BC24E333-47E3-4855-BE52-4E26DC94BBA6}
	EndGlobalSection
EndGlobal
